// !$*UTF8*$!
{
	archiveVersion = 1;
	classes = {
	};
	objectVersion = 48;
	objects = {

/* Begin PBXBuildFile section */
		22C64104213F570800DF2CC7 /* AppDelegate.swift in Sources */ = {isa = PBXBuildFile; fileRef = 22C64103213F570800DF2CC7 /* AppDelegate.swift */; };
		22C64106213F570800DF2CC7 /* ViewController.swift in Sources */ = {isa = PBXBuildFile; fileRef = 22C64105213F570800DF2CC7 /* ViewController.swift */; };
		22C64109213F570800DF2CC7 /* Main.storyboard in Resources */ = {isa = PBXBuildFile; fileRef = 22C64107213F570800DF2CC7 /* Main.storyboard */; };
		22C6410B213F570800DF2CC7 /* Assets.xcassets in Resources */ = {isa = PBXBuildFile; fileRef = 22C6410A213F570800DF2CC7 /* Assets.xcassets */; };
		22C6410E213F570800DF2CC7 /* LaunchScreen.storyboard in Resources */ = {isa = PBXBuildFile; fileRef = 22C6410C213F570800DF2CC7 /* LaunchScreen.storyboard */; };
		22C64119213F570800DF2CC7 /* tippyTests.swift in Sources */ = {isa = PBXBuildFile; fileRef = 22C64118213F570800DF2CC7 /* tippyTests.swift */; };
		22C64124213F570800DF2CC7 /* tippyUITests.swift in Sources */ = {isa = PBXBuildFile; fileRef = 22C64123213F570800DF2CC7 /* tippyUITests.swift */; };
/* End PBXBuildFile section */

/* Begin PBXContainerItemProxy section */
		22C64115213F570800DF2CC7 /* PBXContainerItemProxy */ = {
			isa = PBXContainerItemProxy;
			containerPortal = 22C640F8213F570800DF2CC7 /* Project object */;
			proxyType = 1;
			remoteGlobalIDString = 22C640FF213F570800DF2CC7;
			remoteInfo = tippy;
		};
		22C64120213F570800DF2CC7 /* PBXContainerItemProxy */ = {
			isa = PBXContainerItemProxy;
			containerPortal = 22C640F8213F570800DF2CC7 /* Project object */;
			proxyType = 1;
			remoteGlobalIDString = 22C640FF213F570800DF2CC7;
			remoteInfo = tippy;
		};
/* End PBXContainerItemProxy section */

/* Begin PBXFileReference section */
		22C64100213F570800DF2CC7 /* tippy.app */ = {isa = PBXFileReference; explicitFileType = wrapper.application; includeInIndex = 0; path = tippy.app; sourceTree = BUILT_PRODUCTS_DIR; };
		22C64103213F570800DF2CC7 /* AppDelegate.swift */ = {isa = PBXFileReference; lastKnownFileType = sourcecode.swift; path = AppDelegate.swift; sourceTree = "<group>"; };
		22C64105213F570800DF2CC7 /* ViewController.swift */ = {isa = PBXFileReference; lastKnownFileType = sourcecode.swift; path = ViewController.swift; sourceTree = "<group>"; };
		22C64108213F570800DF2CC7 /* Base */ = {isa = PBXFileReference; lastKnownFileType = file.storyboard; name = Base; path = Base.lproj/Main.storyboard; sourceTree = "<group>"; };
		22C6410A213F570800DF2CC7 /* Assets.xcassets */ = {isa = PBXFileReference; lastKnownFileType = folder.assetcatalog; path = Assets.xcassets; sourceTree = "<group>"; };
		22C6410D213F570800DF2CC7 /* Base */ = {isa = PBXFileReference; lastKnownFileType = file.storyboard; name = Base; path = Base.lproj/LaunchScreen.storyboard; sourceTree = "<group>"; };
		22C6410F213F570800DF2CC7 /* Info.plist */ = {isa = PBXFileReference; lastKnownFileType = text.plist.xml; path = Info.plist; sourceTree = "<group>"; };
		22C64114213F570800DF2CC7 /* tippyTests.xctest */ = {isa = PBXFileReference; explicitFileType = wrapper.cfbundle; includeInIndex = 0; path = tippyTests.xctest; sourceTree = BUILT_PRODUCTS_DIR; };
		22C64118213F570800DF2CC7 /* tippyTests.swift */ = {isa = PBXFileReference; lastKnownFileType = sourcecode.swift; path = tippyTests.swift; sourceTree = "<group>"; };
		22C6411A213F570800DF2CC7 /* Info.plist */ = {isa = PBXFileReference; lastKnownFileType = text.plist.xml; path = Info.plist; sourceTree = "<group>"; };
		22C6411F213F570800DF2CC7 /* tippyUITests.xctest */ = {isa = PBXFileReference; explicitFileType = wrapper.cfbundle; includeInIndex = 0; path = tippyUITests.xctest; sourceTree = BUILT_PRODUCTS_DIR; };
		22C64123213F570800DF2CC7 /* tippyUITests.swift */ = {isa = PBXFileReference; lastKnownFileType = sourcecode.swift; path = tippyUITests.swift; sourceTree = "<group>"; };
		22C64125213F570800DF2CC7 /* Info.plist */ = {isa = PBXFileReference; lastKnownFileType = text.plist.xml; path = Info.plist; sourceTree = "<group>"; };
/* End PBXFileReference section */

/* Begin PBXFrameworksBuildPhase section */
		22C640FD213F570800DF2CC7 /* Frameworks */ = {
			isa = PBXFrameworksBuildPhase;
			buildActionMask = 2147483647;
			files = (
			);
			runOnlyForDeploymentPostprocessing = 0;
		};
		22C64111213F570800DF2CC7 /* Frameworks */ = {
			isa = PBXFrameworksBuildPhase;
			buildActionMask = 2147483647;
			files = (
			);
			runOnlyForDeploymentPostprocessing = 0;
		};
		22C6411C213F570800DF2CC7 /* Frameworks */ = {
			isa = PBXFrameworksBuildPhase;
			buildActionMask = 2147483647;
			files = (
			);
			runOnlyForDeploymentPostprocessing = 0;
		};
/* End PBXFrameworksBuildPhase section */

/* Begin PBXGroup section */
		22C640F7213F570800DF2CC7 = {
			isa = PBXGroup;
			children = (
				22C64102213F570800DF2CC7 /* tippy */,
				22C64117213F570800DF2CC7 /* tippyTests */,
				22C64122213F570800DF2CC7 /* tippyUITests */,
				22C64101213F570800DF2CC7 /* Products */,
			);
			sourceTree = "<group>";
		};
		22C64101213F570800DF2CC7 /* Products */ = {
			isa = PBXGroup;
			children = (
				22C64100213F570800DF2CC7 /* tippy.app */,
				22C64114213F570800DF2CC7 /* tippyTests.xctest */,
				22C6411F213F570800DF2CC7 /* tippyUITests.xctest */,
			);
			name = Products;
			sourceTree = "<group>";
		};
		22C64102213F570800DF2CC7 /* tippy */ = {
			isa = PBXGroup;
			children = (
				22C64103213F570800DF2CC7 /* AppDelegate.swift */,
				22C64105213F570800DF2CC7 /* ViewController.swift */,
				22C64107213F570800DF2CC7 /* Main.storyboard */,
				22C6410A213F570800DF2CC7 /* Assets.xcassets */,
				22C6410C213F570800DF2CC7 /* LaunchScreen.storyboard */,
				22C6410F213F570800DF2CC7 /* Info.plist */,
			);
			path = tippy;
			sourceTree = "<group>";
		};
		22C64117213F570800DF2CC7 /* tippyTests */ = {
			isa = PBXGroup;
			children = (
				22C64118213F570800DF2CC7 /* tippyTests.swift */,
				22C6411A213F570800DF2CC7 /* Info.plist */,
			);
			path = tippyTests;
			sourceTree = "<group>";
		};
		22C64122213F570800DF2CC7 /* tippyUITests */ = {
			isa = PBXGroup;
			children = (
				22C64123213F570800DF2CC7 /* tippyUITests.swift */,
				22C64125213F570800DF2CC7 /* Info.plist */,
			);
			path = tippyUITests;
			sourceTree = "<group>";
		};
/* End PBXGroup section */

/* Begin PBXNativeTarget section */
		22C640FF213F570800DF2CC7 /* tippy */ = {
			isa = PBXNativeTarget;
			buildConfigurationList = 22C64128213F570800DF2CC7 /* Build configuration list for PBXNativeTarget "tippy" */;
			buildPhases = (
				22C640FC213F570800DF2CC7 /* Sources */,
				22C640FD213F570800DF2CC7 /* Frameworks */,
				22C640FE213F570800DF2CC7 /* Resources */,
			);
			buildRules = (
			);
			dependencies = (
			);
			name = tippy;
			productName = tippy;
			productReference = 22C64100213F570800DF2CC7 /* tippy.app */;
			productType = "com.apple.product-type.application";
		};
		22C64113213F570800DF2CC7 /* tippyTests */ = {
			isa = PBXNativeTarget;
			buildConfigurationList = 22C6412B213F570800DF2CC7 /* Build configuration list for PBXNativeTarget "tippyTests" */;
			buildPhases = (
				22C64110213F570800DF2CC7 /* Sources */,
				22C64111213F570800DF2CC7 /* Frameworks */,
				22C64112213F570800DF2CC7 /* Resources */,
			);
			buildRules = (
			);
			dependencies = (
				22C64116213F570800DF2CC7 /* PBXTargetDependency */,
			);
			name = tippyTests;
			productName = tippyTests;
			productReference = 22C64114213F570800DF2CC7 /* tippyTests.xctest */;
			productType = "com.apple.product-type.bundle.unit-test";
		};
		22C6411E213F570800DF2CC7 /* tippyUITests */ = {
			isa = PBXNativeTarget;
			buildConfigurationList = 22C6412E213F570800DF2CC7 /* Build configuration list for PBXNativeTarget "tippyUITests" */;
			buildPhases = (
				22C6411B213F570800DF2CC7 /* Sources */,
				22C6411C213F570800DF2CC7 /* Frameworks */,
				22C6411D213F570800DF2CC7 /* Resources */,
			);
			buildRules = (
			);
			dependencies = (
				22C64121213F570800DF2CC7 /* PBXTargetDependency */,
			);
			name = tippyUITests;
			productName = tippyUITests;
			productReference = 22C6411F213F570800DF2CC7 /* tippyUITests.xctest */;
			productType = "com.apple.product-type.bundle.ui-testing";
		};
/* End PBXNativeTarget section */

/* Begin PBXProject section */
		22C640F8213F570800DF2CC7 /* Project object */ = {
			isa = PBXProject;
			attributes = {
				LastSwiftUpdateCheck = 0920;
				LastUpgradeCheck = 0920;
				ORGANIZATIONNAME = "Vi Nguyen";
				TargetAttributes = {
					22C640FF213F570800DF2CC7 = {
						CreatedOnToolsVersion = 9.2;
						ProvisioningStyle = Automatic;
					};
					22C64113213F570800DF2CC7 = {
						CreatedOnToolsVersion = 9.2;
						ProvisioningStyle = Automatic;
						TestTargetID = 22C640FF213F570800DF2CC7;
					};
					22C6411E213F570800DF2CC7 = {
						CreatedOnToolsVersion = 9.2;
						ProvisioningStyle = Automatic;
						TestTargetID = 22C640FF213F570800DF2CC7;
					};
				};
			};
			buildConfigurationList = 22C640FB213F570800DF2CC7 /* Build configuration list for PBXProject "tippy" */;
			compatibilityVersion = "Xcode 8.0";
			developmentRegion = en;
			hasScannedForEncodings = 0;
			knownRegions = (
				en,
				Base,
			);
			mainGroup = 22C640F7213F570800DF2CC7;
			productRefGroup = 22C64101213F570800DF2CC7 /* Products */;
			projectDirPath = "";
			projectRoot = "";
			targets = (
				22C640FF213F570800DF2CC7 /* tippy */,
				22C64113213F570800DF2CC7 /* tippyTests */,
				22C6411E213F570800DF2CC7 /* tippyUITests */,
			);
		};
/* End PBXProject section */

/* Begin PBXResourcesBuildPhase section */
		22C640FE213F570800DF2CC7 /* Resources */ = {
			isa = PBXResourcesBuildPhase;
			buildActionMask = 2147483647;
			files = (
				22C6410E213F570800DF2CC7 /* LaunchScreen.storyboard in Resources */,
				22C6410B213F570800DF2CC7 /* Assets.xcassets in Resources */,
				22C64109213F570800DF2CC7 /* Main.storyboard in Resources */,
			);
			runOnlyForDeploymentPostprocessing = 0;
		};
		22C64112213F570800DF2CC7 /* Resources */ = {
			isa = PBXResourcesBuildPhase;
			buildActionMask = 2147483647;
			files = (
			);
			runOnlyForDeploymentPostprocessing = 0;
		};
		22C6411D213F570800DF2CC7 /* Resources */ = {
			isa = PBXResourcesBuildPhase;
			buildActionMask = 2147483647;
			files = (
			);
			runOnlyForDeploymentPostprocessing = 0;
		};
/* End PBXResourcesBuildPhase section */

/* Begin PBXSourcesBuildPhase section */
		22C640FC213F570800DF2CC7 /* Sources */ = {
			isa = PBXSourcesBuildPhase;
			buildActionMask = 2147483647;
			files = (
				22C64106213F570800DF2CC7 /* ViewController.swift in Sources */,
				22C64104213F570800DF2CC7 /* AppDelegate.swift in Sources */,
			);
			runOnlyForDeploymentPostprocessing = 0;
		};
		22C64110213F570800DF2CC7 /* Sources */ = {
			isa = PBXSourcesBuildPhase;
			buildActionMask = 2147483647;
			files = (
				22C64119213F570800DF2CC7 /* tippyTests.swift in Sources */,
			);
			runOnlyForDeploymentPostprocessing = 0;
		};
		22C6411B213F570800DF2CC7 /* Sources */ = {
			isa = PBXSourcesBuildPhase;
			buildActionMask = 2147483647;
			files = (
				22C64124213F570800DF2CC7 /* tippyUITests.swift in Sources */,
			);
			runOnlyForDeploymentPostprocessing = 0;
		};
/* End PBXSourcesBuildPhase section */

/* Begin PBXTargetDependency section */
		22C64116213F570800DF2CC7 /* PBXTargetDependency */ = {
			isa = PBXTargetDependency;
			target = 22C640FF213F570800DF2CC7 /* tippy */;
			targetProxy = 22C64115213F570800DF2CC7 /* PBXContainerItemProxy */;
		};
		22C64121213F570800DF2CC7 /* PBXTargetDependency */ = {
			isa = PBXTargetDependency;
			target = 22C640FF213F570800DF2CC7 /* tippy */;
			targetProxy = 22C64120213F570800DF2CC7 /* PBXContainerItemProxy */;
		};
/* End PBXTargetDependency section */

/* Begin PBXVariantGroup section */
		22C64107213F570800DF2CC7 /* Main.storyboard */ = {
			isa = PBXVariantGroup;
			children = (
				22C64108213F570800DF2CC7 /* Base */,
			);
			name = Main.storyboard;
			sourceTree = "<group>";
		};
		22C6410C213F570800DF2CC7 /* LaunchScreen.storyboard */ = {
			isa = PBXVariantGroup;
			children = (
				22C6410D213F570800DF2CC7 /* Base */,
			);
			name = LaunchScreen.storyboard;
			sourceTree = "<group>";
		};
/* End PBXVariantGroup section */

/* Begin XCBuildConfiguration section */
		22C64126213F570800DF2CC7 /* Debug */ = {
			isa = XCBuildConfiguration;
			buildSettings = {
				ALWAYS_SEARCH_USER_PATHS = NO;
				CLANG_ANALYZER_NONNULL = YES;
				CLANG_ANALYZER_NUMBER_OBJECT_CONVERSION = YES_AGGRESSIVE;
				CLANG_CXX_LANGUAGE_STANDARD = "gnu++14";
				CLANG_CXX_LIBRARY = "libc++";
				CLANG_ENABLE_MODULES = YES;
				CLANG_ENABLE_OBJC_ARC = YES;
				CLANG_WARN_BLOCK_CAPTURE_AUTORELEASING = YES;
				CLANG_WARN_BOOL_CONVERSION = YES;
				CLANG_WARN_COMMA = YES;
				CLANG_WARN_CONSTANT_CONVERSION = YES;
				CLANG_WARN_DIRECT_OBJC_ISA_USAGE = YES_ERROR;
				CLANG_WARN_DOCUMENTATION_COMMENTS = YES;
				CLANG_WARN_EMPTY_BODY = YES;
				CLANG_WARN_ENUM_CONVERSION = YES;
				CLANG_WARN_INFINITE_RECURSION = YES;
				CLANG_WARN_INT_CONVERSION = YES;
				CLANG_WARN_NON_LITERAL_NULL_CONVERSION = YES;
				CLANG_WARN_OBJC_LITERAL_CONVERSION = YES;
				CLANG_WARN_OBJC_ROOT_CLASS = YES_ERROR;
				CLANG_WARN_RANGE_LOOP_ANALYSIS = YES;
				CLANG_WARN_STRICT_PROTOTYPES = YES;
				CLANG_WARN_SUSPICIOUS_MOVE = YES;
				CLANG_WARN_UNGUARDED_AVAILABILITY = YES_AGGRESSIVE;
				CLANG_WARN_UNREACHABLE_CODE = YES;
				CLANG_WARN__DUPLICATE_METHOD_MATCH = YES;
				CODE_SIGN_IDENTITY = "iPhone Developer";
				COPY_PHASE_STRIP = NO;
				DEBUG_INFORMATION_FORMAT = dwarf;
				ENABLE_STRICT_OBJC_MSGSEND = YES;
				ENABLE_TESTABILITY = YES;
				GCC_C_LANGUAGE_STANDARD = gnu11;
				GCC_DYNAMIC_NO_PIC = NO;
				GCC_NO_COMMON_BLOCKS = YES;
				GCC_OPTIMIZATION_LEVEL = 0;
				GCC_PREPROCESSOR_DEFINITIONS = (
					"DEBUG=1",
					"$(inherited)",
				);
				GCC_WARN_64_TO_32_BIT_CONVERSION = YES;
				GCC_WARN_ABOUT_RETURN_TYPE = YES_ERROR;
				GCC_WARN_UNDECLARED_SELECTOR = YES;
				GCC_WARN_UNINITIALIZED_AUTOS = YES_AGGRESSIVE;
				GCC_WARN_UNUSED_FUNCTION = YES;
				GCC_WARN_UNUSED_VARIABLE = YES;
				IPHONEOS_DEPLOYMENT_TARGET = 11.2;
				MTL_ENABLE_DEBUG_INFO = YES;
				ONLY_ACTIVE_ARCH = YES;
				SDKROOT = iphoneos;
				SWIFT_ACTIVE_COMPILATION_CONDITIONS = DEBUG;
				SWIFT_OPTIMIZATION_LEVEL = "-Onone";
			};
			name = Debug;
		};
		22C64127213F570800DF2CC7 /* Release */ = {
			isa = XCBuildConfiguration;
			buildSettings = {
				ALWAYS_SEARCH_USER_PATHS = NO;
				CLANG_ANALYZER_NONNULL = YES;
				CLANG_ANALYZER_NUMBER_OBJECT_CONVERSION = YES_AGGRESSIVE;
				CLANG_CXX_LANGUAGE_STANDARD = "gnu++14";
				CLANG_CXX_LIBRARY = "libc++";
				CLANG_ENABLE_MODULES = YES;
				CLANG_ENABLE_OBJC_ARC = YES;
				CLANG_WARN_BLOCK_CAPTURE_AUTORELEASING = YES;
				CLANG_WARN_BOOL_CONVERSION = YES;
				CLANG_WARN_COMMA = YES;
				CLANG_WARN_CONSTANT_CONVERSION = YES;
				CLANG_WARN_DIRECT_OBJC_ISA_USAGE = YES_ERROR;
				CLANG_WARN_DOCUMENTATION_COMMENTS = YES;
				CLANG_WARN_EMPTY_BODY = YES;
				CLANG_WARN_ENUM_CONVERSION = YES;
				CLANG_WARN_INFINITE_RECURSION = YES;
				CLANG_WARN_INT_CONVERSION = YES;
				CLANG_WARN_NON_LITERAL_NULL_CONVERSION = YES;
				CLANG_WARN_OBJC_LITERAL_CONVERSION = YES;
				CLANG_WARN_OBJC_ROOT_CLASS = YES_ERROR;
				CLANG_WARN_RANGE_LOOP_ANALYSIS = YES;
				CLANG_WARN_STRICT_PROTOTYPES = YES;
				CLANG_WARN_SUSPICIOUS_MOVE = YES;
				CLANG_WARN_UNGUARDED_AVAILABILITY = YES_AGGRESSIVE;
				CLANG_WARN_UNREACHABLE_CODE = YES;
				CLANG_WARN__DUPLICATE_METHOD_MATCH = YES;
				CODE_SIGN_IDENTITY = "iPhone Developer";
				COPY_PHASE_STRIP = NO;
				DEBUG_INFORMATION_FORMAT = "dwarf-with-dsym";
				ENABLE_NS_ASSERTIONS = NO;
				ENABLE_STRICT_OBJC_MSGSEND = YES;
				GCC_C_LANGUAGE_STANDARD = gnu11;
				GCC_NO_COMMON_BLOCKS = YES;
				GCC_WARN_64_TO_32_BIT_CONVERSION = YES;
				GCC_WARN_ABOUT_RETURN_TYPE = YES_ERROR;
				GCC_WARN_UNDECLARED_SELECTOR = YES;
				GCC_WARN_UNINITIALIZED_AUTOS = YES_AGGRESSIVE;
				GCC_WARN_UNUSED_FUNCTION = YES;
				GCC_WARN_UNUSED_VARIABLE = YES;
				IPHONEOS_DEPLOYMENT_TARGET = 11.2;
				MTL_ENABLE_DEBUG_INFO = NO;
				SDKROOT = iphoneos;
				SWIFT_OPTIMIZATION_LEVEL = "-Owholemodule";
				VALIDATE_PRODUCT = YES;
			};
			name = Release;
		};
		22C64129213F570800DF2CC7 /* Debug */ = {
			isa = XCBuildConfiguration;
			buildSettings = {
				ASSETCATALOG_COMPILER_APPICON_NAME = AppIcon;
				CODE_SIGN_STYLE = Automatic;
				INFOPLIST_FILE = tippy/Info.plist;
				LD_RUNPATH_SEARCH_PATHS = "$(inherited) @executable_path/Frameworks";
				PRODUCT_BUNDLE_IDENTIFIER = com.nguye29v.tippy;
				PRODUCT_NAME = "$(TARGET_NAME)";
				SWIFT_VERSION = 4.0;
				TARGETED_DEVICE_FAMILY = "1,2";
			};
			name = Debug;
		};
		22C6412A213F570800DF2CC7 /* Release */ = {
			isa = XCBuildConfiguration;
			buildSettings = {
				ASSETCATALOG_COMPILER_APPICON_NAME = AppIcon;
				CODE_SIGN_STYLE = Automatic;
				INFOPLIST_FILE = tippy/Info.plist;
				LD_RUNPATH_SEARCH_PATHS = "$(inherited) @executable_path/Frameworks";
				PRODUCT_BUNDLE_IDENTIFIER = com.nguye29v.tippy;
				PRODUCT_NAME = "$(TARGET_NAME)";
				SWIFT_VERSION = 4.0;
				TARGETED_DEVICE_FAMILY = "1,2";
			};
			name = Release;
		};
		22C6412C213F570800DF2CC7 /* Debug */ = {
			isa = XCBuildConfiguration;
			buildSettings = {
				ALWAYS_EMBED_SWIFT_STANDARD_LIBRARIES = YES;
				BUNDLE_LOADER = "$(TEST_HOST)";
				CODE_SIGN_STYLE = Automatic;
				INFOPLIST_FILE = tippyTests/Info.plist;
				LD_RUNPATH_SEARCH_PATHS = "$(inherited) @executable_path/Frameworks @loader_path/Frameworks";
				PRODUCT_BUNDLE_IDENTIFIER = com.nguye29v.tippyTests;
				PRODUCT_NAME = "$(TARGET_NAME)";
				SWIFT_VERSION = 4.0;
				TARGETED_DEVICE_FAMILY = "1,2";
				TEST_HOST = "$(BUILT_PRODUCTS_DIR)/tippy.app/tippy";
			};
			name = Debug;
		};
		22C6412D213F570800DF2CC7 /* Release */ = {
			isa = XCBuildConfiguration;
			buildSettings = {
				ALWAYS_EMBED_SWIFT_STANDARD_LIBRARIES = YES;
				BUNDLE_LOADER = "$(TEST_HOST)";
				CODE_SIGN_STYLE = Automatic;
				INFOPLIST_FILE = tippyTests/Info.plist;
				LD_RUNPATH_SEARCH_PATHS = "$(inherited) @executable_path/Frameworks @loader_path/Frameworks";
				PRODUCT_BUNDLE_IDENTIFIER = com.nguye29v.tippyTests;
				PRODUCT_NAME = "$(TARGET_NAME)";
				SWIFT_VERSION = 4.0;
				TARGETED_DEVICE_FAMILY = "1,2";
				TEST_HOST = "$(BUILT_PRODUCTS_DIR)/tippy.app/tippy";
			};
			name = Release;
		};
		22C6412F213F570800DF2CC7 /* Debug */ = {
			isa = XCBuildConfiguration;
			buildSettings = {
				ALWAYS_EMBED_SWIFT_STANDARD_LIBRARIES = YES;
				CODE_SIGN_STYLE = Automatic;
				INFOPLIST_FILE = tippyUITests/Info.plist;
				LD_RUNPATH_SEARCH_PATHS = "$(inherited) @executable_path/Frameworks @loader_path/Frameworks";
				PRODUCT_BUNDLE_IDENTIFIER = com.nguye29v.tippyUITests;
				PRODUCT_NAME = "$(TARGET_NAME)";
				SWIFT_VERSION = 4.0;
				TARGETED_DEVICE_FAMILY = "1,2";
				TEST_TARGET_NAME = tippy;
			};
			name = Debug;
		};
		22C64130213F570800DF2CC7 /* Release */ = {
			isa = XCBuildConfiguration;
			buildSettings = {
				ALWAYS_EMBED_SWIFT_STANDARD_LIBRARIES = YES;
				CODE_SIGN_STYLE = Automatic;
				INFOPLIST_FILE = tippyUITests/Info.plist;
				LD_RUNPATH_SEARCH_PATHS = "$(inherited) @executable_path/Frameworks @loader_path/Frameworks";
				PRODUCT_BUNDLE_IDENTIFIER = com.nguye29v.tippyUITests;
				PRODUCT_NAME = "$(TARGET_NAME)";
				SWIFT_VERSION = 4.0;
				TARGETED_DEVICE_FAMILY = "1,2";
				TEST_TARGET_NAME = tippy;
			};
			name = Release;
		};
/* End XCBuildConfiguration section */

/* Begin XCConfigurationList section */
		22C640FB213F570800DF2CC7 /* Build configuration list for PBXProject "tippy" */ = {
			isa = XCConfigurationList;
			buildConfigurations = (
				22C64126213F570800DF2CC7 /* Debug */,
				22C64127213F570800DF2CC7 /* Release */,
			);
			defaultConfigurationIsVisible = 0;
			defaultConfigurationName = Release;
		};
		22C64128213F570800DF2CC7 /* Build configuration list for PBXNativeTarget "tippy" */ = {
			isa = XCConfigurationList;
			buildConfigurations = (
				22C64129213F570800DF2CC7 /* Debug */,
				22C6412A213F570800DF2CC7 /* Release */,
			);
			defaultConfigurationIsVisible = 0;
			defaultConfigurationName = Release;
		};
		22C6412B213F570800DF2CC7 /* Build configuration list for PBXNativeTarget "tippyTests" */ = {
			isa = XCConfigurationList;
			buildConfigurations = (
				22C6412C213F570800DF2CC7 /* Debug */,
				22C6412D213F570800DF2CC7 /* Release */,
			);
			defaultConfigurationIsVisible = 0;
			defaultConfigurationName = Release;
		};
		22C6412E213F570800DF2CC7 /* Build configuration list for PBXNativeTarget "tippyUITests" */ = {
			isa = XCConfigurationList;
			buildConfigurations = (
				22C6412F213F570800DF2CC7 /* Debug */,
				22C64130213F570800DF2CC7 /* Release */,
			);
			defaultConfigurationIsVisible = 0;
			defaultConfigurationName = Release;
		};
/* End XCConfigurationList section */
	};
	rootObject = 22C640F8213F570800DF2CC7 /* Project object */;
}
